
Microsoft Visual Studio Solution File, Format Version 12.00
Project("{FAE04EC0-301F-11D3-BF4B-00C04F79EFBC}") = "Models.lib", "Models.lib\Models.lib.csproj", "{D9FAA76E-7008-405A-9ADE-42FFB571426E}"
EndProject
Project("{FAE04EC0-301F-11D3-BF4B-00C04F79EFBC}") = "DB", "DB\DB.csproj", "{55A9DC4D-3531-417A-A309-F73C415A93C1}"
EndProject
Project("{FAE04EC0-301F-11D3-BF4B-00C04F79EFBC}") = "Client", "Client\Client.csproj", "{0F75B8A2-484D-434F-8ECF-6DF6E6522F6D}"
EndProject
Global
	GlobalSection(SolutionConfigurationPlatforms) = preSolution
		Debug|Any CPU = Debug|Any CPU
		Release|Any CPU = Release|Any CPU
	EndGlobalSection
	GlobalSection(ProjectConfigurationPlatforms) = postSolution
		{D9FAA76E-7008-405A-9ADE-42FFB571426E}.Debug|Any CPU.ActiveCfg = Debug|Any CPU
		{D9FAA76E-7008-405A-9ADE-42FFB571426E}.Debug|Any CPU.Build.0 = Debug|Any CPU
		{D9FAA76E-7008-405A-9ADE-42FFB571426E}.Release|Any CPU.ActiveCfg = Release|Any CPU
		{D9FAA76E-7008-405A-9ADE-42FFB571426E}.Release|Any CPU.Build.0 = Release|Any CPU
		{55A9DC4D-3531-417A-A309-F73C415A93C1}.Debug|Any CPU.ActiveCfg = Debug|Any CPU
		{55A9DC4D-3531-417A-A309-F73C415A93C1}.Debug|Any CPU.Build.0 = Debug|Any CPU
		{55A9DC4D-3531-417A-A309-F73C415A93C1}.Release|Any CPU.ActiveCfg = Release|Any CPU
		{55A9DC4D-3531-417A-A309-F73C415A93C1}.Release|Any CPU.Build.0 = Release|Any CPU
		{0F75B8A2-484D-434F-8ECF-6DF6E6522F6D}.Debug|Any CPU.ActiveCfg = Debug|Any CPU
		{0F75B8A2-484D-434F-8ECF-6DF6E6522F6D}.Debug|Any CPU.Build.0 = Debug|Any CPU
		{0F75B8A2-484D-434F-8ECF-6DF6E6522F6D}.Release|Any CPU.ActiveCfg = Release|Any CPU
		{0F75B8A2-484D-434F-8ECF-6DF6E6522F6D}.Release|Any CPU.Build.0 = Release|Any CPU
	EndGlobalSection
EndGlobal
